# This file is automatically @generated by Cargo.
# It is not intended for manual editing.
version = 3

[[package]]
name = "html-comments"
version = "0.1.0"
dependencies = [
 "html5tokenizer",
]

[[package]]
name = "html5tokenizer"
version = "0.4.0"
source = "registry+https://github.com/rust-lang/crates.io-index"
checksum = "24d117919e144a01618f7d78e37e313ba5e7dc530cd93ac887b906dc149a60b3"
